{
  "version": 4,
  "terraform_version": "0.12.21",
  "serial": 19,
  "lineage": "777a11b4-d582-696f-9c47-8d8709af71cb",
  "outputs": {},
  "resources": [
    {
      "mode": "data",
      "type": "vsphere_datacenter",
      "name": "dc",
      "provider": "provider.vsphere",
      "instances": [
        {
          "schema_version": 0,
          "attributes": {
            "id": "datacenter-435",
            "name": "FCR"
          }
        }
      ]
    },
    {
      "mode": "data",
      "type": "vsphere_datastore",
      "name": "pfSense-vesxi-r-03",
      "provider": "provider.vsphere",
      "instances": [
        {
          "schema_version": 0,
          "attributes": {
            "datacenter_id": "datacenter-435",
            "id": "datastore-529",
            "name": "vESXI-R-03-DS1"
          }
        }
      ]
    },
    {
      "mode": "data",
      "type": "vsphere_datastore",
      "name": "pfSense-vesxi-u-01",
      "provider": "provider.vsphere",
      "instances": [
        {
          "schema_version": 0,
          "attributes": {
            "datacenter_id": "datacenter-435",
            "id": "datastore-635",
            "name": "vESXI-U-01-DS1"
          }
        }
      ]
    },
    {
      "mode": "data",
      "type": "vsphere_datastore",
      "name": "pfSense-vesxi-u-02",
      "provider": "provider.vsphere",
      "instances": [
        {
          "schema_version": 0,
          "attributes": {
            "datacenter_id": "datacenter-435",
            "id": "datastore-636",
            "name": "vESXI-U-02-DS1"
          }
        }
      ]
    },
    {
      "mode": "data",
      "type": "vsphere_host",
      "name": "vesxi-r-03",
      "provider": "provider.vsphere",
      "instances": [
        {
          "schema_version": 0,
          "attributes": {
            "datacenter_id": "datacenter-435",
            "id": "host-528",
            "name": "vesxi-r-03.rack",
            "resource_pool_id": "resgroup-527"
          }
        }
      ]
    },
    {
      "mode": "data",
      "type": "vsphere_host",
      "name": "vesxi-u-01",
      "provider": "provider.vsphere",
      "instances": [
        {
          "schema_version": 0,
          "attributes": {
            "datacenter_id": "datacenter-435",
            "id": "host-442",
            "name": "vesxi-u-01.rack",
            "resource_pool_id": "resgroup-441"
          }
        }
      ]
    },
    {
      "mode": "data",
      "type": "vsphere_host",
      "name": "vesxi-u-02",
      "provider": "provider.vsphere",
      "instances": [
        {
          "schema_version": 0,
          "attributes": {
            "datacenter_id": "datacenter-435",
            "id": "host-447",
            "name": "vesxi-u-02.rack",
            "resource_pool_id": "resgroup-446"
          }
        }
      ]
    },
    {
      "mode": "data",
      "type": "vsphere_network",
      "name": "pfSense-vesxi-r-03-in",
      "provider": "provider.vsphere",
      "instances": [
        {
          "schema_version": 0,
          "attributes": {
            "datacenter_id": "datacenter-435",
            "id": "network-1888",
            "name": "pfSense_network_vesxi-r-03-in",
            "type": "Network"
          }
        }
      ]
    },
    {
      "mode": "data",
      "type": "vsphere_network",
      "name": "pfSense-vesxi-r-03-out",
      "provider": "provider.vsphere",
      "instances": [
        {
          "schema_version": 0,
          "attributes": {
            "datacenter_id": "datacenter-435",
            "id": "network-1887",
            "name": "pfSense_network_vesxi-r-03-out",
            "type": "Network"
          }
        }
      ]
    },
    {
      "mode": "data",
      "type": "vsphere_network",
      "name": "pfSense-vesxi-u-01-in",
      "provider": "provider.vsphere",
      "instances": [
        {
          "schema_version": 0,
          "attributes": {
            "datacenter_id": "datacenter-435",
            "id": "network-1892",
            "name": "pfSense_network_vesxi-u-01-in",
            "type": "Network"
          }
        }
      ]
    },
    {
      "mode": "data",
      "type": "vsphere_network",
      "name": "pfSense-vesxi-u-01-out",
      "provider": "provider.vsphere",
      "instances": [
        {
          "schema_version": 0,
          "attributes": {
            "datacenter_id": "datacenter-435",
            "id": "network-1891",
            "name": "pfSense_network_vesxi-u-01-out",
            "type": "Network"
          }
        }
      ]
    },
    {
      "mode": "data",
      "type": "vsphere_network",
      "name": "pfSense-vesxi-u-02-in",
      "provider": "provider.vsphere",
      "instances": [
        {
          "schema_version": 0,
          "attributes": {
            "datacenter_id": "datacenter-435",
            "id": "network-1890",
            "name": "pfSense_network_vesxi-u-02-in",
            "type": "Network"
          }
        }
      ]
    },
    {
      "mode": "data",
      "type": "vsphere_network",
      "name": "pfSense-vesxi-u-02-out",
      "provider": "provider.vsphere",
      "instances": [
        {
          "schema_version": 0,
          "attributes": {
            "datacenter_id": "datacenter-435",
            "id": "network-1889",
            "name": "pfSense_network_vesxi-u-02-out",
            "type": "Network"
          }
        }
      ]
    },
    {
      "mode": "data",
      "type": "vsphere_network",
      "name": "vesxi-r-03-pg-0",
      "provider": "provider.vsphere",
      "instances": [
        {
          "schema_version": 0,
          "attributes": {
            "datacenter_id": "datacenter-435",
            "id": "network-536",
            "name": "VM Network - vesxi-r-03",
            "type": "Network"
          }
        }
      ]
    },
    {
      "mode": "data",
      "type": "vsphere_network",
      "name": "vesxi-u-01-pg-0",
      "provider": "provider.vsphere",
      "instances": [
        {
          "schema_version": 0,
          "attributes": {
            "datacenter_id": "datacenter-435",
            "id": "network-541",
            "name": "VM Network - vesxi-u-01",
            "type": "Network"
          }
        }
      ]
    },
    {
      "mode": "data",
      "type": "vsphere_network",
      "name": "vesxi-u-02-pg-0",
      "provider": "provider.vsphere",
      "instances": [
        {
          "schema_version": 0,
          "attributes": {
            "datacenter_id": "datacenter-435",
            "id": "network-542",
            "name": "VM Network - vesxi-u-02",
            "type": "Network"
          }
        }
      ]
    },
    {
      "mode": "data",
      "type": "vsphere_resource_pool",
      "name": "vesxi-r-03",
      "provider": "provider.vsphere",
      "instances": [
        {
          "schema_version": 0,
          "attributes": {
            "datacenter_id": "datacenter-435",
            "id": "resgroup-527",
            "name": "vesxi-r-03.rack/Resources"
          }
        }
      ]
    },
    {
      "mode": "data",
      "type": "vsphere_resource_pool",
      "name": "vesxi-u-01",
      "provider": "provider.vsphere",
      "instances": [
        {
          "schema_version": 0,
          "attributes": {
            "datacenter_id": "datacenter-435",
            "id": "resgroup-441",
            "name": "vesxi-u-01.rack/Resources"
          }
        }
      ]
    },
    {
      "mode": "data",
      "type": "vsphere_resource_pool",
      "name": "vesxi-u-02",
      "provider": "provider.vsphere",
      "instances": [
        {
          "schema_version": 0,
          "attributes": {
            "datacenter_id": "datacenter-435",
            "id": "resgroup-446",
            "name": "vesxi-u-02.rack/Resources"
          }
        }
      ]
    },
    {
      "mode": "data",
      "type": "vsphere_virtual_machine",
      "name": "template_pfSense-r-03",
      "provider": "provider.vsphere",
      "instances": [
        {
          "schema_version": 0,
          "attributes": {
            "alternate_guest_name": "",
            "datacenter_id": "datacenter-435",
            "disks": [
              {
                "eagerly_scrub": false,
                "size": 8,
                "thin_provisioned": true
              }
            ],
            "firmware": "bios",
            "guest_id": "freebsd64Guest",
            "guest_ip_addresses": [],
            "id": "421e4fc0-991e-a5c2-5204-95293f2248d4",
            "name": "Packer-pfSense-r-03-TEMPLATE-FCR",
            "network_interface_types": [
              "vmxnet3",
              "vmxnet3"
            ],
            "scsi_bus_sharing": "noSharing",
            "scsi_controller_scan_count": 1,
            "scsi_type": "lsilogic"
          }
        }
      ]
    },
    {
      "mode": "data",
      "type": "vsphere_virtual_machine",
      "name": "template_pfSense-u-01",
      "provider": "provider.vsphere",
      "instances": [
        {
          "schema_version": 0,
          "attributes": {
            "alternate_guest_name": "",
            "datacenter_id": "datacenter-435",
            "disks": [
              {
                "eagerly_scrub": false,
                "size": 8,
                "thin_provisioned": true
              }
            ],
            "firmware": "bios",
            "guest_id": "freebsd64Guest",
            "guest_ip_addresses": [],
            "id": "421ede46-9d01-9349-ed8d-595d0a6b351a",
            "name": "Packer-pfSense-u-01-TEMPLATE-FCR",
            "network_interface_types": [
              "vmxnet3",
              "vmxnet3"
            ],
            "scsi_bus_sharing": "noSharing",
            "scsi_controller_scan_count": 1,
            "scsi_type": "lsilogic"
          }
        }
      ]
    },
    {
      "mode": "data",
      "type": "vsphere_virtual_machine",
      "name": "template_pfSense-u-02",
      "provider": "provider.vsphere",
      "instances": [
        {
          "schema_version": 0,
          "attributes": {
            "alternate_guest_name": "",
            "datacenter_id": "datacenter-435",
            "disks": [
              {
                "eagerly_scrub": false,
                "size": 8,
                "thin_provisioned": true
              }
            ],
            "firmware": "bios",
            "guest_id": "freebsd64Guest",
            "guest_ip_addresses": [],
            "id": "421e221e-f44d-29e4-e26e-fa5ad93bdd48",
            "name": "Packer-pfSense-u-02-TEMPLATE-FCR",
            "network_interface_types": [
              "vmxnet3",
              "vmxnet3"
            ],
            "scsi_bus_sharing": "noSharing",
            "scsi_controller_scan_count": 1,
            "scsi_type": "lsilogic"
          }
        }
      ]
    },
    {
      "mode": "managed",
      "type": "vsphere_host_port_group",
      "name": "pfSense_port-vesxi-r-03-in",
      "provider": "provider.vsphere",
      "instances": [
        {
          "schema_version": 0,
          "attributes": {
            "active_nics": null,
            "allow_forged_transmits": null,
            "allow_mac_changes": null,
            "allow_promiscuous": true,
            "check_beacon": null,
            "computed_policy": {
              "allow_forged_transmits": "true",
              "allow_mac_changes": "true",
              "allow_promiscuous": "true",
              "check_beacon": "false",
              "failback": "true",
              "notify_switches": "true",
              "shaping_average_bandwidth": "0",
              "shaping_burst_size": "0",
              "shaping_enabled": "false",
              "shaping_peak_bandwidth": "0",
              "teaming_policy": "loadbalance_srcid"
            },
            "failback": null,
            "host_system_id": "host-528",
            "id": "tf-HostPortGroup:host-528:pfSense_network_vesxi-r-03-in",
            "key": "key-vim.host.PortGroup-pfSense_network_vesxi-r-03-in",
            "name": "pfSense_network_vesxi-r-03-in",
            "notify_switches": null,
            "ports": [],
            "shaping_average_bandwidth": 0,
            "shaping_burst_size": 0,
            "shaping_enabled": null,
            "shaping_peak_bandwidth": 0,
            "standby_nics": null,
            "teaming_policy": "",
            "virtual_switch_name": "vSwitch1",
            "vlan_id": 0
          },
          "private": "bnVsbA==",
          "dependencies": [
            "vsphere_host_virtual_switch.pfSense_vs_esxi-r-03"
          ]
        }
      ]
    },
    {
      "mode": "managed",
      "type": "vsphere_host_port_group",
      "name": "pfSense_port-vesxi-r-03-out",
      "provider": "provider.vsphere",
      "instances": [
        {
          "schema_version": 0,
          "attributes": {
            "active_nics": null,
            "allow_forged_transmits": null,
            "allow_mac_changes": null,
            "allow_promiscuous": true,
            "check_beacon": null,
            "computed_policy": {
              "active_nics.#": "1",
              "active_nics.0": "vmnic0",
              "allow_forged_transmits": "true",
              "allow_mac_changes": "true",
              "allow_promiscuous": "true",
              "check_beacon": "false",
              "failback": "true",
              "notify_switches": "true",
              "shaping_average_bandwidth": "0",
              "shaping_burst_size": "0",
              "shaping_enabled": "false",
              "shaping_peak_bandwidth": "0",
              "standby_nics.#": "0",
              "teaming_policy": "loadbalance_srcid"
            },
            "failback": null,
            "host_system_id": "host-528",
            "id": "tf-HostPortGroup:host-528:pfSense_network_vesxi-r-03-out",
            "key": "key-vim.host.PortGroup-pfSense_network_vesxi-r-03-out",
            "name": "pfSense_network_vesxi-r-03-out",
            "notify_switches": null,
            "ports": [],
            "shaping_average_bandwidth": 0,
            "shaping_burst_size": 0,
            "shaping_enabled": null,
            "shaping_peak_bandwidth": 0,
            "standby_nics": null,
            "teaming_policy": "",
            "virtual_switch_name": "vSwitch0",
            "vlan_id": 0
          },
          "private": "bnVsbA==",
          "dependencies": [
            "vsphere_host_virtual_switch.pfSense_vs_esxi-r-03"
          ]
        }
      ]
    },
    {
      "mode": "managed",
      "type": "vsphere_host_port_group",
      "name": "pfSense_port-vesxi-u-01-in",
      "provider": "provider.vsphere",
      "instances": [
        {
          "schema_version": 0,
          "attributes": {
            "active_nics": null,
            "allow_forged_transmits": null,
            "allow_mac_changes": null,
            "allow_promiscuous": true,
            "check_beacon": null,
            "computed_policy": {
              "allow_forged_transmits": "true",
              "allow_mac_changes": "true",
              "allow_promiscuous": "true",
              "check_beacon": "false",
              "failback": "true",
              "notify_switches": "true",
              "shaping_average_bandwidth": "0",
              "shaping_burst_size": "0",
              "shaping_enabled": "false",
              "shaping_peak_bandwidth": "0",
              "teaming_policy": "loadbalance_srcid"
            },
            "failback": null,
            "host_system_id": "host-442",
            "id": "tf-HostPortGroup:host-442:pfSense_network_vesxi-u-01-in",
            "key": "key-vim.host.PortGroup-pfSense_network_vesxi-u-01-in",
            "name": "pfSense_network_vesxi-u-01-in",
            "notify_switches": null,
            "ports": [],
            "shaping_average_bandwidth": 0,
            "shaping_burst_size": 0,
            "shaping_enabled": null,
            "shaping_peak_bandwidth": 0,
            "standby_nics": null,
            "teaming_policy": "",
            "virtual_switch_name": "vSwitch1",
            "vlan_id": 0
          },
          "private": "bnVsbA==",
          "dependencies": [
            "vsphere_host_virtual_switch.pfSense_vs_esxi-u-01"
          ]
        }
      ]
    },
    {
      "mode": "managed",
      "type": "vsphere_host_port_group",
      "name": "pfSense_port-vesxi-u-01-out",
      "provider": "provider.vsphere",
      "instances": [
        {
          "schema_version": 0,
          "attributes": {
            "active_nics": null,
            "allow_forged_transmits": null,
            "allow_mac_changes": null,
            "allow_promiscuous": true,
            "check_beacon": null,
            "computed_policy": {
              "active_nics.#": "1",
              "active_nics.0": "vmnic0",
              "allow_forged_transmits": "true",
              "allow_mac_changes": "true",
              "allow_promiscuous": "true",
              "check_beacon": "false",
              "failback": "true",
              "notify_switches": "true",
              "shaping_average_bandwidth": "0",
              "shaping_burst_size": "0",
              "shaping_enabled": "false",
              "shaping_peak_bandwidth": "0",
              "standby_nics.#": "0",
              "teaming_policy": "loadbalance_srcid"
            },
            "failback": null,
            "host_system_id": "host-442",
            "id": "tf-HostPortGroup:host-442:pfSense_network_vesxi-u-01-out",
            "key": "key-vim.host.PortGroup-pfSense_network_vesxi-u-01-out",
            "name": "pfSense_network_vesxi-u-01-out",
            "notify_switches": null,
            "ports": [],
            "shaping_average_bandwidth": 0,
            "shaping_burst_size": 0,
            "shaping_enabled": null,
            "shaping_peak_bandwidth": 0,
            "standby_nics": null,
            "teaming_policy": "",
            "virtual_switch_name": "vSwitch0",
            "vlan_id": 0
          },
          "private": "bnVsbA==",
          "dependencies": [
            "vsphere_host_virtual_switch.pfSense_vs_esxi-u-01"
          ]
        }
      ]
    },
    {
      "mode": "managed",
      "type": "vsphere_host_port_group",
      "name": "pfSense_port-vesxi-u-02-in",
      "provider": "provider.vsphere",
      "instances": [
        {
          "schema_version": 0,
          "attributes": {
            "active_nics": null,
            "allow_forged_transmits": null,
            "allow_mac_changes": null,
            "allow_promiscuous": true,
            "check_beacon": null,
            "computed_policy": {
              "allow_forged_transmits": "true",
              "allow_mac_changes": "true",
              "allow_promiscuous": "true",
              "check_beacon": "false",
              "failback": "true",
              "notify_switches": "true",
              "shaping_average_bandwidth": "0",
              "shaping_burst_size": "0",
              "shaping_enabled": "false",
              "shaping_peak_bandwidth": "0",
              "teaming_policy": "loadbalance_srcid"
            },
            "failback": null,
            "host_system_id": "host-447",
            "id": "tf-HostPortGroup:host-447:pfSense_network_vesxi-u-02-in",
            "key": "key-vim.host.PortGroup-pfSense_network_vesxi-u-02-in",
            "name": "pfSense_network_vesxi-u-02-in",
            "notify_switches": null,
            "ports": [],
            "shaping_average_bandwidth": 0,
            "shaping_burst_size": 0,
            "shaping_enabled": null,
            "shaping_peak_bandwidth": 0,
            "standby_nics": null,
            "teaming_policy": "",
            "virtual_switch_name": "vSwitch1",
            "vlan_id": 0
          },
          "private": "bnVsbA==",
          "dependencies": [
            "vsphere_host_virtual_switch.pfSense_vs_esxi-u-02"
          ]
        }
      ]
    },
    {
      "mode": "managed",
      "type": "vsphere_host_port_group",
      "name": "pfSense_port-vesxi-u-02-out",
      "provider": "provider.vsphere",
      "instances": [
        {
          "schema_version": 0,
          "attributes": {
            "active_nics": null,
            "allow_forged_transmits": null,
            "allow_mac_changes": null,
            "allow_promiscuous": true,
            "check_beacon": null,
            "computed_policy": {
              "active_nics.#": "1",
              "active_nics.0": "vmnic0",
              "allow_forged_transmits": "true",
              "allow_mac_changes": "true",
              "allow_promiscuous": "true",
              "check_beacon": "false",
              "failback": "true",
              "notify_switches": "true",
              "shaping_average_bandwidth": "0",
              "shaping_burst_size": "0",
              "shaping_enabled": "false",
              "shaping_peak_bandwidth": "0",
              "standby_nics.#": "0",
              "teaming_policy": "loadbalance_srcid"
            },
            "failback": null,
            "host_system_id": "host-447",
            "id": "tf-HostPortGroup:host-447:pfSense_network_vesxi-u-02-out",
            "key": "key-vim.host.PortGroup-pfSense_network_vesxi-u-02-out",
            "name": "pfSense_network_vesxi-u-02-out",
            "notify_switches": null,
            "ports": [],
            "shaping_average_bandwidth": 0,
            "shaping_burst_size": 0,
            "shaping_enabled": null,
            "shaping_peak_bandwidth": 0,
            "standby_nics": null,
            "teaming_policy": "",
            "virtual_switch_name": "vSwitch0",
            "vlan_id": 0
          },
          "private": "bnVsbA==",
          "dependencies": [
            "vsphere_host_virtual_switch.pfSense_vs_esxi-u-02"
          ]
        }
      ]
    },
    {
      "mode": "managed",
      "type": "vsphere_host_virtual_switch",
      "name": "pfSense_vs_esxi-r-03",
      "provider": "provider.vsphere",
      "instances": [
        {
          "schema_version": 0,
          "attributes": {
            "active_nics": [],
            "allow_forged_transmits": true,
            "allow_mac_changes": true,
            "allow_promiscuous": false,
            "beacon_interval": 1,
            "check_beacon": false,
            "failback": true,
            "host_system_id": "host-528",
            "id": "tf-HostVirtualSwitch:host-528:vSwitch1",
            "link_discovery_operation": "listen",
            "link_discovery_protocol": "cdp",
            "mtu": 1500,
            "name": "vSwitch1",
            "network_adapters": [],
            "notify_switches": true,
            "number_of_ports": 128,
            "shaping_average_bandwidth": 0,
            "shaping_burst_size": 0,
            "shaping_enabled": false,
            "shaping_peak_bandwidth": 0,
            "standby_nics": [],
            "teaming_policy": "loadbalance_srcid"
          },
          "private": "bnVsbA=="
        }
      ]
    },
    {
      "mode": "managed",
      "type": "vsphere_host_virtual_switch",
      "name": "pfSense_vs_esxi-u-01",
      "provider": "provider.vsphere",
      "instances": [
        {
          "schema_version": 0,
          "attributes": {
            "active_nics": [],
            "allow_forged_transmits": true,
            "allow_mac_changes": true,
            "allow_promiscuous": false,
            "beacon_interval": 1,
            "check_beacon": false,
            "failback": true,
            "host_system_id": "host-442",
            "id": "tf-HostVirtualSwitch:host-442:vSwitch1",
            "link_discovery_operation": "listen",
            "link_discovery_protocol": "cdp",
            "mtu": 1500,
            "name": "vSwitch1",
            "network_adapters": [],
            "notify_switches": true,
            "number_of_ports": 128,
            "shaping_average_bandwidth": 0,
            "shaping_burst_size": 0,
            "shaping_enabled": false,
            "shaping_peak_bandwidth": 0,
            "standby_nics": [],
            "teaming_policy": "loadbalance_srcid"
          },
          "private": "bnVsbA=="
        }
      ]
    },
    {
      "mode": "managed",
      "type": "vsphere_host_virtual_switch",
      "name": "pfSense_vs_esxi-u-02",
      "provider": "provider.vsphere",
      "instances": [
        {
          "schema_version": 0,
          "attributes": {
            "active_nics": [],
            "allow_forged_transmits": true,
            "allow_mac_changes": true,
            "allow_promiscuous": false,
            "beacon_interval": 1,
            "check_beacon": false,
            "failback": true,
            "host_system_id": "host-447",
            "id": "tf-HostVirtualSwitch:host-447:vSwitch1",
            "link_discovery_operation": "listen",
            "link_discovery_protocol": "cdp",
            "mtu": 1500,
            "name": "vSwitch1",
            "network_adapters": [],
            "notify_switches": true,
            "number_of_ports": 128,
            "shaping_average_bandwidth": 0,
            "shaping_burst_size": 0,
            "shaping_enabled": false,
            "shaping_peak_bandwidth": 0,
            "standby_nics": [],
            "teaming_policy": "loadbalance_srcid"
          },
          "private": "bnVsbA=="
        }
      ]
    },
    {
      "mode": "managed",
      "type": "vsphere_virtual_machine",
      "name": "pfSense_vm_vesxi-r-03",
      "each": "list",
      "provider": "provider.vsphere",
      "instances": [
        {
          "index_key": 0,
          "schema_version": 3,
          "attributes": {
            "alternate_guest_name": "",
            "annotation": "",
            "boot_delay": 0,
            "boot_retry_delay": 10000,
            "boot_retry_enabled": false,
            "cdrom": [],
            "change_version": "2020-05-02T10:25:13.189174Z",
            "clone": [
              {
                "customize": [],
                "linked_clone": false,
                "template_uuid": "421e4fc0-991e-a5c2-5204-95293f2248d4",
                "timeout": 30
              }
            ],
            "cpu_hot_add_enabled": false,
            "cpu_hot_remove_enabled": false,
            "cpu_limit": -1,
            "cpu_performance_counters_enabled": false,
            "cpu_reservation": 0,
            "cpu_share_count": 1000,
            "cpu_share_level": "normal",
            "custom_attributes": null,
            "datastore_cluster_id": null,
            "datastore_id": "datastore-529",
            "default_ip_address": null,
            "disk": [
              {
                "attach": false,
                "datastore_id": "datastore-529",
                "device_address": "scsi:0:0",
                "disk_mode": "persistent",
                "disk_sharing": "sharingNone",
                "eagerly_scrub": false,
                "io_limit": -1,
                "io_reservation": 0,
                "io_share_count": 1000,
                "io_share_level": "normal",
                "keep_on_remove": false,
                "key": 2000,
                "label": "",
                "name": "r-03-pfs1.vmdk",
                "path": "r-03-pfs1/r-03-pfs1.vmdk",
                "size": 25,
                "storage_policy_id": "",
                "thin_provisioned": true,
                "unit_number": 0,
                "uuid": "6000C295-2b47-7b88-2b96-96605964c012",
                "write_through": false
              }
            ],
            "efi_secure_boot_enabled": false,
            "enable_disk_uuid": false,
            "enable_logging": false,
            "ept_rvi_mode": "automatic",
            "extra_config": null,
            "firmware": "bios",
            "folder": "",
            "force_power_off": true,
            "guest_id": "freebsd64Guest",
            "guest_ip_addresses": [],
            "host_system_id": "host-528",
            "hv_mode": "hvAuto",
            "id": "421ee1ac-bb74-cbd2-98d5-9ba0647c4bcf",
            "ignored_guest_ips": null,
            "imported": null,
            "latency_sensitivity": "normal",
            "memory": 2048,
            "memory_hot_add_enabled": false,
            "memory_limit": -1,
            "memory_reservation": 0,
            "memory_share_count": 20480,
            "memory_share_level": "normal",
            "migrate_wait_timeout": 30,
            "moid": "vm-1893",
            "name": "r-03-pfs1",
            "nested_hv_enabled": false,
            "network_interface": [
              {
                "adapter_type": "vmxnet3",
                "bandwidth_limit": -1,
                "bandwidth_reservation": 0,
                "bandwidth_share_count": 50,
                "bandwidth_share_level": "normal",
                "device_address": "pci:0:7",
                "key": 4000,
                "mac_address": "1a:1a:1a:00:02:01",
                "network_id": "network-1887",
                "use_static_mac": true
              },
              {
                "adapter_type": "vmxnet3",
                "bandwidth_limit": -1,
                "bandwidth_reservation": 0,
                "bandwidth_share_count": 50,
                "bandwidth_share_level": "normal",
                "device_address": "pci:0:8",
                "key": 4001,
                "mac_address": "00:50:56:9e:62:d2",
                "network_id": "network-1888",
                "use_static_mac": false
              }
            ],
            "num_cores_per_socket": 1,
            "num_cpus": 1,
            "reboot_required": false,
            "resource_pool_id": "resgroup-527",
            "run_tools_scripts_after_power_on": true,
            "run_tools_scripts_after_resume": true,
            "run_tools_scripts_before_guest_reboot": false,
            "run_tools_scripts_before_guest_shutdown": true,
            "run_tools_scripts_before_guest_standby": true,
            "scsi_bus_sharing": "noSharing",
            "scsi_controller_count": 1,
            "scsi_type": "lsilogic",
            "shutdown_wait_timeout": 3,
            "storage_policy_id": "",
            "swap_placement_policy": "inherit",
            "sync_time_with_host": false,
            "tags": null,
            "uuid": "421ee1ac-bb74-cbd2-98d5-9ba0647c4bcf",
            "vapp": [],
            "vapp_transport": [],
            "vmware_tools_status": "guestToolsNotRunning",
            "vmx_path": "r-03-pfs1/r-03-pfs1.vmx",
            "wait_for_guest_ip_timeout": 0,
            "wait_for_guest_net_routable": true,
            "wait_for_guest_net_timeout": 0
          },
          "private": "eyJzY2hlbWFfdmVyc2lvbiI6IjMifQ==",
          "dependencies": [
            "vsphere_host_port_group.pfSense_port-vesxi-r-03-in",
            "vsphere_host_port_group.pfSense_port-vesxi-r-03-out",
            "vsphere_host_virtual_switch.pfSense_vs_esxi-r-03"
          ]
        }
      ]
    },
    {
      "mode": "managed",
      "type": "vsphere_virtual_machine",
      "name": "pfSense_vm_vesxi-u-01",
      "each": "list",
      "provider": "provider.vsphere",
      "instances": [
        {
          "index_key": 0,
          "schema_version": 3,
          "attributes": {
            "alternate_guest_name": "",
            "annotation": "",
            "boot_delay": 0,
            "boot_retry_delay": 10000,
            "boot_retry_enabled": false,
            "cdrom": [],
            "change_version": "2020-05-02T10:26:07.636459Z",
            "clone": [
              {
                "customize": [],
                "linked_clone": false,
                "template_uuid": "421ede46-9d01-9349-ed8d-595d0a6b351a",
                "timeout": 30
              }
            ],
            "cpu_hot_add_enabled": false,
            "cpu_hot_remove_enabled": false,
            "cpu_limit": -1,
            "cpu_performance_counters_enabled": false,
            "cpu_reservation": 0,
            "cpu_share_count": 1000,
            "cpu_share_level": "normal",
            "custom_attributes": null,
            "datastore_cluster_id": null,
            "datastore_id": "datastore-635",
            "default_ip_address": null,
            "disk": [
              {
                "attach": false,
                "datastore_id": "datastore-635",
                "device_address": "scsi:0:0",
                "disk_mode": "persistent",
                "disk_sharing": "sharingNone",
                "eagerly_scrub": false,
                "io_limit": -1,
                "io_reservation": 0,
                "io_share_count": 1000,
                "io_share_level": "normal",
                "keep_on_remove": false,
                "key": 2000,
                "label": "",
                "name": "u-01-pfs1.vmdk",
                "path": "u-01-pfs1/u-01-pfs1.vmdk",
                "size": 25,
                "storage_policy_id": "",
                "thin_provisioned": true,
                "unit_number": 0,
                "uuid": "6000C29d-d094-7cd8-2be7-251adf7c3de6",
                "write_through": false
              }
            ],
            "efi_secure_boot_enabled": false,
            "enable_disk_uuid": false,
            "enable_logging": false,
            "ept_rvi_mode": "automatic",
            "extra_config": null,
            "firmware": "bios",
            "folder": "",
            "force_power_off": true,
            "guest_id": "freebsd64Guest",
            "guest_ip_addresses": [],
            "host_system_id": "host-442",
            "hv_mode": "hvAuto",
            "id": "421e3870-4d02-0462-55db-c935c85040e8",
            "ignored_guest_ips": null,
            "imported": null,
            "latency_sensitivity": "normal",
            "memory": 2048,
            "memory_hot_add_enabled": false,
            "memory_limit": -1,
            "memory_reservation": 0,
            "memory_share_count": 20480,
            "memory_share_level": "normal",
            "migrate_wait_timeout": 30,
            "moid": "vm-1895",
            "name": "u-01-pfs1",
            "nested_hv_enabled": false,
            "network_interface": [
              {
                "adapter_type": "vmxnet3",
                "bandwidth_limit": -1,
                "bandwidth_reservation": 0,
                "bandwidth_share_count": 50,
                "bandwidth_share_level": "normal",
                "device_address": "pci:0:7",
                "key": 4000,
                "mac_address": "1a:1a:1a:00:00:01",
                "network_id": "network-1891",
                "use_static_mac": true
              },
              {
                "adapter_type": "vmxnet3",
                "bandwidth_limit": -1,
                "bandwidth_reservation": 0,
                "bandwidth_share_count": 50,
                "bandwidth_share_level": "normal",
                "device_address": "pci:0:8",
                "key": 4001,
                "mac_address": "00:50:56:9e:0c:84",
                "network_id": "network-1892",
                "use_static_mac": false
              }
            ],
            "num_cores_per_socket": 1,
            "num_cpus": 1,
            "reboot_required": false,
            "resource_pool_id": "resgroup-441",
            "run_tools_scripts_after_power_on": true,
            "run_tools_scripts_after_resume": true,
            "run_tools_scripts_before_guest_reboot": false,
            "run_tools_scripts_before_guest_shutdown": true,
            "run_tools_scripts_before_guest_standby": true,
            "scsi_bus_sharing": "noSharing",
            "scsi_controller_count": 1,
            "scsi_type": "lsilogic",
            "shutdown_wait_timeout": 3,
            "storage_policy_id": "",
            "swap_placement_policy": "inherit",
            "sync_time_with_host": false,
            "tags": null,
            "uuid": "421e3870-4d02-0462-55db-c935c85040e8",
            "vapp": [],
            "vapp_transport": [],
            "vmware_tools_status": "guestToolsNotRunning",
            "vmx_path": "u-01-pfs1/u-01-pfs1.vmx",
            "wait_for_guest_ip_timeout": 0,
            "wait_for_guest_net_routable": true,
            "wait_for_guest_net_timeout": 0
          },
          "private": "eyJzY2hlbWFfdmVyc2lvbiI6IjMifQ==",
          "dependencies": [
            "vsphere_host_port_group.pfSense_port-vesxi-u-01-in",
            "vsphere_host_port_group.pfSense_port-vesxi-u-01-out",
            "vsphere_host_virtual_switch.pfSense_vs_esxi-u-01"
          ]
        }
      ]
    },
    {
      "mode": "managed",
      "type": "vsphere_virtual_machine",
      "name": "pfSense_vm_vesxi-u-02",
      "each": "list",
      "provider": "provider.vsphere",
      "instances": [
        {
          "index_key": 0,
          "schema_version": 3,
          "attributes": {
            "alternate_guest_name": "",
            "annotation": "",
            "boot_delay": 0,
            "boot_retry_delay": 10000,
            "boot_retry_enabled": false,
            "cdrom": [],
            "change_version": "2020-05-02T10:24:30.07085Z",
            "clone": [
              {
                "customize": [],
                "linked_clone": false,
                "template_uuid": "421e221e-f44d-29e4-e26e-fa5ad93bdd48",
                "timeout": 30
              }
            ],
            "cpu_hot_add_enabled": false,
            "cpu_hot_remove_enabled": false,
            "cpu_limit": -1,
            "cpu_performance_counters_enabled": false,
            "cpu_reservation": 0,
            "cpu_share_count": 1000,
            "cpu_share_level": "normal",
            "custom_attributes": null,
            "datastore_cluster_id": null,
            "datastore_id": "datastore-636",
            "default_ip_address": null,
            "disk": [
              {
                "attach": false,
                "datastore_id": "datastore-636",
                "device_address": "scsi:0:0",
                "disk_mode": "persistent",
                "disk_sharing": "sharingNone",
                "eagerly_scrub": false,
                "io_limit": -1,
                "io_reservation": 0,
                "io_share_count": 1000,
                "io_share_level": "normal",
                "keep_on_remove": false,
                "key": 2000,
                "label": "",
                "name": "u-02-pfs1.vmdk",
                "path": "u-02-pfs1/u-02-pfs1.vmdk",
                "size": 25,
                "storage_policy_id": "",
                "thin_provisioned": true,
                "unit_number": 0,
                "uuid": "6000C29f-c58e-2ded-6005-ec655faa3a77",
                "write_through": false
              }
            ],
            "efi_secure_boot_enabled": false,
            "enable_disk_uuid": false,
            "enable_logging": false,
            "ept_rvi_mode": "automatic",
            "extra_config": null,
            "firmware": "bios",
            "folder": "",
            "force_power_off": true,
            "guest_id": "freebsd64Guest",
            "guest_ip_addresses": [],
            "host_system_id": "host-447",
            "hv_mode": "hvAuto",
            "id": "421ed68c-faa0-2551-1a3b-7acfc5218b57",
            "ignored_guest_ips": null,
            "imported": null,
            "latency_sensitivity": "normal",
            "memory": 2048,
            "memory_hot_add_enabled": false,
            "memory_limit": -1,
            "memory_reservation": 0,
            "memory_share_count": 20480,
            "memory_share_level": "normal",
            "migrate_wait_timeout": 30,
            "moid": "vm-1894",
            "name": "u-02-pfs1",
            "nested_hv_enabled": false,
            "network_interface": [
              {
                "adapter_type": "vmxnet3",
                "bandwidth_limit": -1,
                "bandwidth_reservation": 0,
                "bandwidth_share_count": 50,
                "bandwidth_share_level": "normal",
                "device_address": "pci:0:7",
                "key": 4000,
                "mac_address": "1a:1a:1a:00:01:01",
                "network_id": "network-1889",
                "use_static_mac": true
              },
              {
                "adapter_type": "vmxnet3",
                "bandwidth_limit": -1,
                "bandwidth_reservation": 0,
                "bandwidth_share_count": 50,
                "bandwidth_share_level": "normal",
                "device_address": "pci:0:8",
                "key": 4001,
                "mac_address": "00:50:56:9e:23:d4",
                "network_id": "network-1890",
                "use_static_mac": false
              }
            ],
            "num_cores_per_socket": 1,
            "num_cpus": 1,
            "reboot_required": false,
            "resource_pool_id": "resgroup-446",
            "run_tools_scripts_after_power_on": true,
            "run_tools_scripts_after_resume": true,
            "run_tools_scripts_before_guest_reboot": false,
            "run_tools_scripts_before_guest_shutdown": true,
            "run_tools_scripts_before_guest_standby": true,
            "scsi_bus_sharing": "noSharing",
            "scsi_controller_count": 1,
            "scsi_type": "lsilogic",
            "shutdown_wait_timeout": 3,
            "storage_policy_id": "",
            "swap_placement_policy": "inherit",
            "sync_time_with_host": false,
            "tags": null,
            "uuid": "421ed68c-faa0-2551-1a3b-7acfc5218b57",
            "vapp": [],
            "vapp_transport": [],
            "vmware_tools_status": "guestToolsNotRunning",
            "vmx_path": "u-02-pfs1/u-02-pfs1.vmx",
            "wait_for_guest_ip_timeout": 0,
            "wait_for_guest_net_routable": true,
            "wait_for_guest_net_timeout": 0
          },
          "private": "eyJzY2hlbWFfdmVyc2lvbiI6IjMifQ==",
          "dependencies": [
            "vsphere_host_port_group.pfSense_port-vesxi-u-02-in",
            "vsphere_host_port_group.pfSense_port-vesxi-u-02-out",
            "vsphere_host_virtual_switch.pfSense_vs_esxi-u-02"
          ]
        }
      ]
    }
  ]
}
